{
  "name": "screepsplayground",
  "version": "1.0.0",
  "lockfileVersion": 2,
  "requires": true,
  "packages": {
    "": {
      "name": "screepsplayground",
      "version": "1.0.0",
      "license": "ISC",
      "devDependencies": {
        "@types/screeps-arena": "^0.0.1",
        "dotenv": "^16.3.1"
      }
    },
    "node_modules/@types/screeps-arena": {
      "version": "0.0.1",
      "resolved": "https://registry.npmjs.org/@types/screeps-arena/-/screeps-arena-0.0.1.tgz",
      "integrity": "sha512-add9EMxpCA2WwyXLpIoqdNFNZgt1Nx3kG6PZd3l03/Y9wzFQ1Rtwb/+66+bnRPeeNunOYet2PU5iHme7n+9ywA==",
      "dev": true
    },
    "node_modules/dotenv": {
      "version": "16.3.1",
      "resolved": "https://registry.npmjs.org/dotenv/-/dotenv-16.3.1.tgz",
      "integrity": "sha512-IPzF4w4/Rd94bA9imS68tZBaYyBWSCE47V1RGuMrB94iyTOIEwRmVL2x/4An+6mETpLrKJ5hQkB8W4kFAadeIQ==",
      "dev": true,
      "engines": {
        "node": ">=12"
      },
      "funding": {
        "url": "https://github.com/motdotla/dotenv?sponsor=1"
      }
    }
  },
  "dependencies": {
    "@types/screeps-arena": {
      "version": "0.0.1",
      "resolved": "https://registry.npmjs.org/@types/screeps-arena/-/screeps-arena-0.0.1.tgz",
      "integrity": "sha512-add9EMxpCA2WwyXLpIoqdNFNZgt1Nx3kG6PZd3l03/Y9wzFQ1Rtwb/+66+bnRPeeNunOYet2PU5iHme7n+9ywA==",
      "dev": true
    },
    "dotenv": {
      "version": "16.3.1",
      "resolved": "https://registry.npmjs.org/dotenv/-/dotenv-16.3.1.tgz",
      "integrity": "sha512-IPzF4w4/Rd94bA9imS68tZBaYyBWSCE47V1RGuMrB94iyTOIEwRmVL2x/4An+6mETpLrKJ5hQkB8W4kFAadeIQ==",
      "dev": true
    }
  }
}
